
Microsoft Visual Studio Solution File, Format Version 12.00
# Visual Studio Version 17
VisualStudioVersion = 17.0.31903.59
MinimumVisualStudioVersion = 10.0.40219.1
Project("{2150E333-8FDC-42A3-9474-1A3956D46DE8}") = "src", "src", "{827E0CD3-B72D-47B6-A68D-7590B98EB39B}"
EndProject
Project("{2150E333-8FDC-42A3-9474-1A3956D46DE8}") = "BuildingBlocks", "BuildingBlocks", "{90298CBA-BD6F-3A0A-69D5-97CAD7B05E7E}"
EndProject
Project("{FAE04EC0-301F-11D3-BF4B-00C04F79EFBC}") = "Shared.Domain", "src\BuildingBlocks\Shared.Domain\Shared.Domain.csproj", "{33979726-2F41-4000-B0D0-A0B04EABC0FF}"
EndProject
Project("{FAE04EC0-301F-11D3-BF4B-00C04F79EFBC}") = "Shared.Application", "src\BuildingBlocks\Shared.Application\Shared.Application.csproj", "{E30DA18A-A4F1-4DAA-845E-92D97C18D5BE}"
EndProject
Project("{FAE04EC0-301F-11D3-BF4B-00C04F79EFBC}") = "Shared.Infrastructure", "src\BuildingBlocks\Shared.Infrastructure\Shared.Infrastructure.csproj", "{F6C063C1-1AB7-497B-9773-084A888D8F35}"
EndProject
Project("{2150E333-8FDC-42A3-9474-1A3956D46DE8}") = "Modules", "Modules", "{EC447DCF-ABFA-6E24-52A5-D7FD48A5C558}"
EndProject
Project("{2150E333-8FDC-42A3-9474-1A3956D46DE8}") = "Admin", "Admin", "{E9E1155A-A339-766C-C185-6698FF423EBC}"
EndProject
Project("{FAE04EC0-301F-11D3-BF4B-00C04F79EFBC}") = "Admin.Domain", "src\Modules\Admin\Admin.Domain\Admin.Domain.csproj", "{D3E83CFB-FF06-437A-A9E2-F2EF3F7ABC03}"
EndProject
Project("{FAE04EC0-301F-11D3-BF4B-00C04F79EFBC}") = "Admin.Application", "src\Modules\Admin\Admin.Application\Admin.Application.csproj", "{43559D8A-F668-4C69-9E52-49AAF057A44F}"
EndProject
Project("{FAE04EC0-301F-11D3-BF4B-00C04F79EFBC}") = "Admin.Infrastructure", "src\Modules\Admin\Admin.Infrastructure\Admin.Infrastructure.csproj", "{155ADDF0-9A45-473E-9DC3-56332E6D19C9}"
EndProject
Project("{2150E333-8FDC-42A3-9474-1A3956D46DE8}") = "Web", "Web", "{03997797-E7F5-0643-168D-B8EA7178C2FE}"
EndProject
Project("{FAE04EC0-301F-11D3-BF4B-00C04F79EFBC}") = "BlazorServer", "src\Web\BlazorServer\BlazorServer.csproj", "{5FAF49B4-7558-4B37-AA73-77D87306BA8F}"
EndProject
Global
	GlobalSection(SolutionConfigurationPlatforms) = preSolution
		Debug|Any CPU = Debug|Any CPU
		Debug|x64 = Debug|x64
		Debug|x86 = Debug|x86
		Release|Any CPU = Release|Any CPU
		Release|x64 = Release|x64
		Release|x86 = Release|x86
	EndGlobalSection
	GlobalSection(ProjectConfigurationPlatforms) = postSolution
		{33979726-2F41-4000-B0D0-A0B04EABC0FF}.Debug|Any CPU.ActiveCfg = Debug|Any CPU
		{33979726-2F41-4000-B0D0-A0B04EABC0FF}.Debug|Any CPU.Build.0 = Debug|Any CPU
		{33979726-2F41-4000-B0D0-A0B04EABC0FF}.Debug|x64.ActiveCfg = Debug|Any CPU
		{33979726-2F41-4000-B0D0-A0B04EABC0FF}.Debug|x64.Build.0 = Debug|Any CPU
		{33979726-2F41-4000-B0D0-A0B04EABC0FF}.Debug|x86.ActiveCfg = Debug|Any CPU
		{33979726-2F41-4000-B0D0-A0B04EABC0FF}.Debug|x86.Build.0 = Debug|Any CPU
		{33979726-2F41-4000-B0D0-A0B04EABC0FF}.Release|Any CPU.ActiveCfg = Release|Any CPU
		{33979726-2F41-4000-B0D0-A0B04EABC0FF}.Release|Any CPU.Build.0 = Release|Any CPU
		{33979726-2F41-4000-B0D0-A0B04EABC0FF}.Release|x64.ActiveCfg = Release|Any CPU
		{33979726-2F41-4000-B0D0-A0B04EABC0FF}.Release|x64.Build.0 = Release|Any CPU
		{33979726-2F41-4000-B0D0-A0B04EABC0FF}.Release|x86.ActiveCfg = Release|Any CPU
		{33979726-2F41-4000-B0D0-A0B04EABC0FF}.Release|x86.Build.0 = Release|Any CPU
		{E30DA18A-A4F1-4DAA-845E-92D97C18D5BE}.Debug|Any CPU.ActiveCfg = Debug|Any CPU
		{E30DA18A-A4F1-4DAA-845E-92D97C18D5BE}.Debug|Any CPU.Build.0 = Debug|Any CPU
		{E30DA18A-A4F1-4DAA-845E-92D97C18D5BE}.Debug|x64.ActiveCfg = Debug|Any CPU
		{E30DA18A-A4F1-4DAA-845E-92D97C18D5BE}.Debug|x64.Build.0 = Debug|Any CPU
		{E30DA18A-A4F1-4DAA-845E-92D97C18D5BE}.Debug|x86.ActiveCfg = Debug|Any CPU
		{E30DA18A-A4F1-4DAA-845E-92D97C18D5BE}.Debug|x86.Build.0 = Debug|Any CPU
		{E30DA18A-A4F1-4DAA-845E-92D97C18D5BE}.Release|Any CPU.ActiveCfg = Release|Any CPU
		{E30DA18A-A4F1-4DAA-845E-92D97C18D5BE}.Release|Any CPU.Build.0 = Release|Any CPU
		{E30DA18A-A4F1-4DAA-845E-92D97C18D5BE}.Release|x64.ActiveCfg = Release|Any CPU
		{E30DA18A-A4F1-4DAA-845E-92D97C18D5BE}.Release|x64.Build.0 = Release|Any CPU
		{E30DA18A-A4F1-4DAA-845E-92D97C18D5BE}.Release|x86.ActiveCfg = Release|Any CPU
		{E30DA18A-A4F1-4DAA-845E-92D97C18D5BE}.Release|x86.Build.0 = Release|Any CPU
		{F6C063C1-1AB7-497B-9773-084A888D8F35}.Debug|Any CPU.ActiveCfg = Debug|Any CPU
		{F6C063C1-1AB7-497B-9773-084A888D8F35}.Debug|Any CPU.Build.0 = Debug|Any CPU
		{F6C063C1-1AB7-497B-9773-084A888D8F35}.Debug|x64.ActiveCfg = Debug|Any CPU
		{F6C063C1-1AB7-497B-9773-084A888D8F35}.Debug|x64.Build.0 = Debug|Any CPU
		{F6C063C1-1AB7-497B-9773-084A888D8F35}.Debug|x86.ActiveCfg = Debug|Any CPU
		{F6C063C1-1AB7-497B-9773-084A888D8F35}.Debug|x86.Build.0 = Debug|Any CPU
		{F6C063C1-1AB7-497B-9773-084A888D8F35}.Release|Any CPU.ActiveCfg = Release|Any CPU
		{F6C063C1-1AB7-497B-9773-084A888D8F35}.Release|Any CPU.Build.0 = Release|Any CPU
		{F6C063C1-1AB7-497B-9773-084A888D8F35}.Release|x64.ActiveCfg = Release|Any CPU
		{F6C063C1-1AB7-497B-9773-084A888D8F35}.Release|x64.Build.0 = Release|Any CPU
		{F6C063C1-1AB7-497B-9773-084A888D8F35}.Release|x86.ActiveCfg = Release|Any CPU
		{F6C063C1-1AB7-497B-9773-084A888D8F35}.Release|x86.Build.0 = Release|Any CPU
		{D3E83CFB-FF06-437A-A9E2-F2EF3F7ABC03}.Debug|Any CPU.ActiveCfg = Debug|Any CPU
		{D3E83CFB-FF06-437A-A9E2-F2EF3F7ABC03}.Debug|Any CPU.Build.0 = Debug|Any CPU
		{D3E83CFB-FF06-437A-A9E2-F2EF3F7ABC03}.Debug|x64.ActiveCfg = Debug|Any CPU
		{D3E83CFB-FF06-437A-A9E2-F2EF3F7ABC03}.Debug|x64.Build.0 = Debug|Any CPU
		{D3E83CFB-FF06-437A-A9E2-F2EF3F7ABC03}.Debug|x86.ActiveCfg = Debug|Any CPU
		{D3E83CFB-FF06-437A-A9E2-F2EF3F7ABC03}.Debug|x86.Build.0 = Debug|Any CPU
		{D3E83CFB-FF06-437A-A9E2-F2EF3F7ABC03}.Release|Any CPU.ActiveCfg = Release|Any CPU
		{D3E83CFB-FF06-437A-A9E2-F2EF3F7ABC03}.Release|Any CPU.Build.0 = Release|Any CPU
		{D3E83CFB-FF06-437A-A9E2-F2EF3F7ABC03}.Release|x64.ActiveCfg = Release|Any CPU
		{D3E83CFB-FF06-437A-A9E2-F2EF3F7ABC03}.Release|x64.Build.0 = Release|Any CPU
		{D3E83CFB-FF06-437A-A9E2-F2EF3F7ABC03}.Release|x86.ActiveCfg = Release|Any CPU
		{D3E83CFB-FF06-437A-A9E2-F2EF3F7ABC03}.Release|x86.Build.0 = Release|Any CPU
		{43559D8A-F668-4C69-9E52-49AAF057A44F}.Debug|Any CPU.ActiveCfg = Debug|Any CPU
		{43559D8A-F668-4C69-9E52-49AAF057A44F}.Debug|Any CPU.Build.0 = Debug|Any CPU
		{43559D8A-F668-4C69-9E52-49AAF057A44F}.Debug|x64.ActiveCfg = Debug|Any CPU
		{43559D8A-F668-4C69-9E52-49AAF057A44F}.Debug|x64.Build.0 = Debug|Any CPU
		{43559D8A-F668-4C69-9E52-49AAF057A44F}.Debug|x86.ActiveCfg = Debug|Any CPU
		{43559D8A-F668-4C69-9E52-49AAF057A44F}.Debug|x86.Build.0 = Debug|Any CPU
		{43559D8A-F668-4C69-9E52-49AAF057A44F}.Release|Any CPU.ActiveCfg = Release|Any CPU
		{43559D8A-F668-4C69-9E52-49AAF057A44F}.Release|Any CPU.Build.0 = Release|Any CPU
		{43559D8A-F668-4C69-9E52-49AAF057A44F}.Release|x64.ActiveCfg = Release|Any CPU
		{43559D8A-F668-4C69-9E52-49AAF057A44F}.Release|x64.Build.0 = Release|Any CPU
		{43559D8A-F668-4C69-9E52-49AAF057A44F}.Release|x86.ActiveCfg = Release|Any CPU
		{43559D8A-F668-4C69-9E52-49AAF057A44F}.Release|x86.Build.0 = Release|Any CPU
		{155ADDF0-9A45-473E-9DC3-56332E6D19C9}.Debug|Any CPU.ActiveCfg = Debug|Any CPU
		{155ADDF0-9A45-473E-9DC3-56332E6D19C9}.Debug|Any CPU.Build.0 = Debug|Any CPU
		{155ADDF0-9A45-473E-9DC3-56332E6D19C9}.Debug|x64.ActiveCfg = Debug|Any CPU
		{155ADDF0-9A45-473E-9DC3-56332E6D19C9}.Debug|x64.Build.0 = Debug|Any CPU
		{155ADDF0-9A45-473E-9DC3-56332E6D19C9}.Debug|x86.ActiveCfg = Debug|Any CPU
		{155ADDF0-9A45-473E-9DC3-56332E6D19C9}.Debug|x86.Build.0 = Debug|Any CPU
		{155ADDF0-9A45-473E-9DC3-56332E6D19C9}.Release|Any CPU.ActiveCfg = Release|Any CPU
		{155ADDF0-9A45-473E-9DC3-56332E6D19C9}.Release|Any CPU.Build.0 = Release|Any CPU
		{155ADDF0-9A45-473E-9DC3-56332E6D19C9}.Release|x64.ActiveCfg = Release|Any CPU
		{155ADDF0-9A45-473E-9DC3-56332E6D19C9}.Release|x64.Build.0 = Release|Any CPU
		{155ADDF0-9A45-473E-9DC3-56332E6D19C9}.Release|x86.ActiveCfg = Release|Any CPU
		{155ADDF0-9A45-473E-9DC3-56332E6D19C9}.Release|x86.Build.0 = Release|Any CPU
		{5FAF49B4-7558-4B37-AA73-77D87306BA8F}.Debug|Any CPU.ActiveCfg = Debug|Any CPU
		{5FAF49B4-7558-4B37-AA73-77D87306BA8F}.Debug|Any CPU.Build.0 = Debug|Any CPU
		{5FAF49B4-7558-4B37-AA73-77D87306BA8F}.Debug|x64.ActiveCfg = Debug|Any CPU
		{5FAF49B4-7558-4B37-AA73-77D87306BA8F}.Debug|x64.Build.0 = Debug|Any CPU
		{5FAF49B4-7558-4B37-AA73-77D87306BA8F}.Debug|x86.ActiveCfg = Debug|Any CPU
		{5FAF49B4-7558-4B37-AA73-77D87306BA8F}.Debug|x86.Build.0 = Debug|Any CPU
		{5FAF49B4-7558-4B37-AA73-77D87306BA8F}.Release|Any CPU.ActiveCfg = Release|Any CPU
		{5FAF49B4-7558-4B37-AA73-77D87306BA8F}.Release|Any CPU.Build.0 = Release|Any CPU
		{5FAF49B4-7558-4B37-AA73-77D87306BA8F}.Release|x64.ActiveCfg = Release|Any CPU
		{5FAF49B4-7558-4B37-AA73-77D87306BA8F}.Release|x64.Build.0 = Release|Any CPU
		{5FAF49B4-7558-4B37-AA73-77D87306BA8F}.Release|x86.ActiveCfg = Release|Any CPU
		{5FAF49B4-7558-4B37-AA73-77D87306BA8F}.Release|x86.Build.0 = Release|Any CPU
	EndGlobalSection
	GlobalSection(SolutionProperties) = preSolution
		HideSolutionNode = FALSE
	EndGlobalSection
	GlobalSection(NestedProjects) = preSolution
		{90298CBA-BD6F-3A0A-69D5-97CAD7B05E7E} = {827E0CD3-B72D-47B6-A68D-7590B98EB39B}
		{33979726-2F41-4000-B0D0-A0B04EABC0FF} = {90298CBA-BD6F-3A0A-69D5-97CAD7B05E7E}
		{E30DA18A-A4F1-4DAA-845E-92D97C18D5BE} = {90298CBA-BD6F-3A0A-69D5-97CAD7B05E7E}
		{F6C063C1-1AB7-497B-9773-084A888D8F35} = {90298CBA-BD6F-3A0A-69D5-97CAD7B05E7E}
		{EC447DCF-ABFA-6E24-52A5-D7FD48A5C558} = {827E0CD3-B72D-47B6-A68D-7590B98EB39B}
		{E9E1155A-A339-766C-C185-6698FF423EBC} = {EC447DCF-ABFA-6E24-52A5-D7FD48A5C558}
		{D3E83CFB-FF06-437A-A9E2-F2EF3F7ABC03} = {E9E1155A-A339-766C-C185-6698FF423EBC}
		{43559D8A-F668-4C69-9E52-49AAF057A44F} = {E9E1155A-A339-766C-C185-6698FF423EBC}
		{155ADDF0-9A45-473E-9DC3-56332E6D19C9} = {E9E1155A-A339-766C-C185-6698FF423EBC}
		{03997797-E7F5-0643-168D-B8EA7178C2FE} = {827E0CD3-B72D-47B6-A68D-7590B98EB39B}
		{5FAF49B4-7558-4B37-AA73-77D87306BA8F} = {03997797-E7F5-0643-168D-B8EA7178C2FE}
	EndGlobalSection
EndGlobal
